
Microsoft Visual Studio Solution File, Format Version 12.00
Project("{FAE04EC0-301F-11D3-BF4B-00C04F79EFBC}") = "HeliumManaged", "HeliumManaged\HeliumManaged.csproj", "{0D35445F-72C7-432F-8E19-80FAE8A54E01}"
EndProject
Global
	GlobalSection(SolutionConfigurationPlatforms) = preSolution
		Debug|Any CPU = Debug|Any CPU
		Release|Any CPU = Release|Any CPU
	EndGlobalSection
	GlobalSection(ProjectConfigurationPlatforms) = postSolution
		{0D35445F-72C7-432F-8E19-80FAE8A54E01}.Debug|Any CPU.ActiveCfg = Debug|Any CPU
		{0D35445F-72C7-432F-8E19-80FAE8A54E01}.Debug|Any CPU.Build.0 = Debug|Any CPU
		{0D35445F-72C7-432F-8E19-80FAE8A54E01}.Release|Any CPU.ActiveCfg = Release|Any CPU
		{0D35445F-72C7-432F-8E19-80FAE8A54E01}.Release|Any CPU.Build.0 = Release|Any CPU
	EndGlobalSection
EndGlobal
